
Microsoft Visual Studio Solution File, Format Version 12.00
# Visual Studio Version 17
VisualStudioVersion = 17.5.33502.453
MinimumVisualStudioVersion = 10.0.40219.1
Project("{FAE04EC0-301F-11D3-BF4B-00C04F79EFBC}") = "GaugesApp", "GaugesApp\GaugesApp.csproj", "{0CABE02F-E0AF-4557-89A4-E3C8BBBF34A6}"
EndProject
Global
	GlobalSection(SolutionConfigurationPlatforms) = preSolution
		Debug|Any CPU = Debug|Any CPU
		Release|Any CPU = Release|Any CPU
	EndGlobalSection
	GlobalSection(ProjectConfigurationPlatforms) = postSolution
		{0CABE02F-E0AF-4557-89A4-E3C8BBBF34A6}.Debug|Any CPU.ActiveCfg = Debug|Any CPU
		{0CABE02F-E0AF-4557-89A4-E3C8BBBF34A6}.Debug|Any CPU.Build.0 = Debug|Any CPU
		{0CABE02F-E0AF-4557-89A4-E3C8BBBF34A6}.Release|Any CPU.ActiveCfg = Release|Any CPU
		{0CABE02F-E0AF-4557-89A4-E3C8BBBF34A6}.Release|Any CPU.Build.0 = Release|Any CPU
	EndGlobalSection
	GlobalSection(SolutionProperties) = preSolution
		HideSolutionNode = FALSE
	EndGlobalSection
	GlobalSection(ExtensibilityGlobals) = postSolution
		SolutionGuid = {2D93A20E-A96F-4078-87CC-893A7F90E6BC}
	EndGlobalSection
EndGlobal
